
Microsoft Visual Studio Solution File, Format Version 12.00
# Visual Studio Version 17
VisualStudioVersion = 17.6.33723.286
MinimumVisualStudioVersion = 10.0.40219.1
Project("{2150E333-8FDC-42A3-9474-1A3956D46DE8}") = "1. Distributed Services", "1. Distributed Services", "{834F7381-D2F3-4CE2-9A1B-62D559A1F18C}"
EndProject
Project("{9A19103F-16F7-4668-BE54-9A1E7A4F7556}") = "CaseStage.API", "..\CaseStage.API.csproj", "{F315252B-A7B8-40E9-859F-51D583747E91}"
EndProject
Project("{2150E333-8FDC-42A3-9474-1A3956D46DE8}") = "2. Application", "2. Application", "{E2AB9210-8973-4977-B55F-62E465E3F923}"
EndProject
Project("{9A19103F-16F7-4668-BE54-9A1E7A4F7556}") = "CaseStage.Library", "..\CaseStage.Library\CaseStage.Library.csproj", "{12B49417-3179-4E92-9218-840CEAA35882}"
EndProject
Global
	GlobalSection(SolutionConfigurationPlatforms) = preSolution
		Debug|Any CPU = Debug|Any CPU
		Release|Any CPU = Release|Any CPU
	EndGlobalSection
	GlobalSection(ProjectConfigurationPlatforms) = postSolution
		{F315252B-A7B8-40E9-859F-51D583747E91}.Debug|Any CPU.ActiveCfg = Debug|Any CPU
		{F315252B-A7B8-40E9-859F-51D583747E91}.Debug|Any CPU.Build.0 = Debug|Any CPU
		{F315252B-A7B8-40E9-859F-51D583747E91}.Release|Any CPU.ActiveCfg = Release|Any CPU
		{F315252B-A7B8-40E9-859F-51D583747E91}.Release|Any CPU.Build.0 = Release|Any CPU
		{12B49417-3179-4E92-9218-840CEAA35882}.Debug|Any CPU.ActiveCfg = Debug|Any CPU
		{12B49417-3179-4E92-9218-840CEAA35882}.Debug|Any CPU.Build.0 = Debug|Any CPU
		{12B49417-3179-4E92-9218-840CEAA35882}.Release|Any CPU.ActiveCfg = Release|Any CPU
		{12B49417-3179-4E92-9218-840CEAA35882}.Release|Any CPU.Build.0 = Release|Any CPU
	EndGlobalSection
	GlobalSection(SolutionProperties) = preSolution
		HideSolutionNode = FALSE
	EndGlobalSection
	GlobalSection(NestedProjects) = preSolution
		{F315252B-A7B8-40E9-859F-51D583747E91} = {834F7381-D2F3-4CE2-9A1B-62D559A1F18C}
		{12B49417-3179-4E92-9218-840CEAA35882} = {E2AB9210-8973-4977-B55F-62E465E3F923}
	EndGlobalSection
	GlobalSection(ExtensibilityGlobals) = postSolution
		SolutionGuid = {72B261CF-5343-4733-9E99-2E6D40ECCA28}
	EndGlobalSection
EndGlobal
